
Microsoft Visual Studio Solution File, Format Version 12.00
# Visual Studio Version 17
VisualStudioVersion = 17.5.33516.290
MinimumVisualStudioVersion = 10.0.40219.1
Project("{FAE04EC0-301F-11D3-BF4B-00C04F79EFBC}") = "xml3", "xml3\xml3.csproj", "{DA1CEF9F-B662-4F95-A10B-DA7459E34C59}"
EndProject
Global
	GlobalSection(SolutionConfigurationPlatforms) = preSolution
		Debug|Any CPU = Debug|Any CPU
		Release|Any CPU = Release|Any CPU
	EndGlobalSection
	GlobalSection(ProjectConfigurationPlatforms) = postSolution
		{DA1CEF9F-B662-4F95-A10B-DA7459E34C59}.Debug|Any CPU.ActiveCfg = Debug|Any CPU
		{DA1CEF9F-B662-4F95-A10B-DA7459E34C59}.Debug|Any CPU.Build.0 = Debug|Any CPU
		{DA1CEF9F-B662-4F95-A10B-DA7459E34C59}.Release|Any CPU.ActiveCfg = Release|Any CPU
		{DA1CEF9F-B662-4F95-A10B-DA7459E34C59}.Release|Any CPU.Build.0 = Release|Any CPU
	EndGlobalSection
	GlobalSection(SolutionProperties) = preSolution
		HideSolutionNode = FALSE
	EndGlobalSection
	GlobalSection(ExtensibilityGlobals) = postSolution
		SolutionGuid = {806A6EFE-AA94-4252-949E-B37E87913768}
	EndGlobalSection
EndGlobal
